
Microsoft Visual Studio Solution File, Format Version 12.00
# Visual Studio Version 17
VisualStudioVersion = 17.0.31919.166
MinimumVisualStudioVersion = 10.0.40219.1
Project("{9A19103F-16F7-4668-BE54-9A1E7A4F7556}") = "EchoStatsWeb", "EchoStatsWeb.csproj", "{7E34FBD6-FC23-47EB-965A-503C2823AB82}"
EndProject
Project("{2150E333-8FDC-42A3-9474-1A3956D46DE8}") = "Solution Items", "Solution Items", "{C6529787-ED4D-4CFF-8BDD-3907414B0575}"
	ProjectSection(SolutionItems) = preProject
		.editorconfig = .editorconfig
	EndProjectSection
EndProject
Project("{54435603-DBB4-11D2-8724-00A0C9A8B90C}") = "EchoArena", "..\EchoArena\EchoArena.vdproj", "{B56F6DAC-11E7-45C9-85A1-D74CDB3D7B30}"
EndProject
Global
	GlobalSection(SolutionConfigurationPlatforms) = preSolution
		Debug|Any CPU = Debug|Any CPU
		Release|Any CPU = Release|Any CPU
	EndGlobalSection
	GlobalSection(ProjectConfigurationPlatforms) = postSolution
		{7E34FBD6-FC23-47EB-965A-503C2823AB82}.Debug|Any CPU.ActiveCfg = Debug|Any CPU
		{7E34FBD6-FC23-47EB-965A-503C2823AB82}.Debug|Any CPU.Build.0 = Debug|Any CPU
		{7E34FBD6-FC23-47EB-965A-503C2823AB82}.Release|Any CPU.ActiveCfg = Release|Any CPU
		{7E34FBD6-FC23-47EB-965A-503C2823AB82}.Release|Any CPU.Build.0 = Release|Any CPU
		{B56F6DAC-11E7-45C9-85A1-D74CDB3D7B30}.Debug|Any CPU.ActiveCfg = Debug
		{B56F6DAC-11E7-45C9-85A1-D74CDB3D7B30}.Release|Any CPU.ActiveCfg = Release
	EndGlobalSection
	GlobalSection(SolutionProperties) = preSolution
		HideSolutionNode = FALSE
	EndGlobalSection
	GlobalSection(ExtensibilityGlobals) = postSolution
		SolutionGuid = {F0D6EB71-EC90-4BAF-9C41-29640075001E}
	EndGlobalSection
EndGlobal
